
Microsoft Visual Studio Solution File, Format Version 12.00
# Visual Studio Version 17
VisualStudioVersion = 17.7.34024.191
MinimumVisualStudioVersion = 10.0.40219.1
Project("{9A19103F-16F7-4668-BE54-9A1E7A4F7556}") = "MISA.AMIS.WebApi", "MISA.AMIS.WebApi\MISA.AMIS.WebApi.csproj", "{7955EBDE-EBFF-4A40-AB76-77BA2DF9AC69}"
EndProject
Project("{9A19103F-16F7-4668-BE54-9A1E7A4F7556}") = "MISA.AMIS.WebApi.Common", "MISA.AMIS.WebApi.Common\MISA.AMIS.WebApi.Common.csproj", "{AB2D018C-AEB0-44A6-81DC-087E159C7477}"
EndProject
Project("{FAE04EC0-301F-11D3-BF4B-00C04F79EFBC}") = "MISA.AMIS.WebApi.DL", "MISA.AMIS.WebApi.DL\MISA.AMIS.WebApi.DL.csproj", "{C890556F-79C9-4FFA-ABB5-F5469B1B2A01}"
EndProject
Project("{FAE04EC0-301F-11D3-BF4B-00C04F79EFBC}") = "MISA.AMIS.WebApi.BL", "MISA.AMIS.WebApi.BL\MISA.AMIS.WebApi.BL.csproj", "{3C59CFA1-0966-4A0B-931D-36053B3DE2CC}"
EndProject
Global
	GlobalSection(SolutionConfigurationPlatforms) = preSolution
		Debug|Any CPU = Debug|Any CPU
		Release|Any CPU = Release|Any CPU
	EndGlobalSection
	GlobalSection(ProjectConfigurationPlatforms) = postSolution
		{7955EBDE-EBFF-4A40-AB76-77BA2DF9AC69}.Debug|Any CPU.ActiveCfg = Debug|Any CPU
		{7955EBDE-EBFF-4A40-AB76-77BA2DF9AC69}.Debug|Any CPU.Build.0 = Debug|Any CPU
		{7955EBDE-EBFF-4A40-AB76-77BA2DF9AC69}.Release|Any CPU.ActiveCfg = Release|Any CPU
		{7955EBDE-EBFF-4A40-AB76-77BA2DF9AC69}.Release|Any CPU.Build.0 = Release|Any CPU
		{AB2D018C-AEB0-44A6-81DC-087E159C7477}.Debug|Any CPU.ActiveCfg = Debug|Any CPU
		{AB2D018C-AEB0-44A6-81DC-087E159C7477}.Debug|Any CPU.Build.0 = Debug|Any CPU
		{AB2D018C-AEB0-44A6-81DC-087E159C7477}.Release|Any CPU.ActiveCfg = Release|Any CPU
		{AB2D018C-AEB0-44A6-81DC-087E159C7477}.Release|Any CPU.Build.0 = Release|Any CPU
		{C890556F-79C9-4FFA-ABB5-F5469B1B2A01}.Debug|Any CPU.ActiveCfg = Debug|Any CPU
		{C890556F-79C9-4FFA-ABB5-F5469B1B2A01}.Debug|Any CPU.Build.0 = Debug|Any CPU
		{C890556F-79C9-4FFA-ABB5-F5469B1B2A01}.Release|Any CPU.ActiveCfg = Release|Any CPU
		{C890556F-79C9-4FFA-ABB5-F5469B1B2A01}.Release|Any CPU.Build.0 = Release|Any CPU
		{3C59CFA1-0966-4A0B-931D-36053B3DE2CC}.Debug|Any CPU.ActiveCfg = Debug|Any CPU
		{3C59CFA1-0966-4A0B-931D-36053B3DE2CC}.Debug|Any CPU.Build.0 = Debug|Any CPU
		{3C59CFA1-0966-4A0B-931D-36053B3DE2CC}.Release|Any CPU.ActiveCfg = Release|Any CPU
		{3C59CFA1-0966-4A0B-931D-36053B3DE2CC}.Release|Any CPU.Build.0 = Release|Any CPU
	EndGlobalSection
	GlobalSection(SolutionProperties) = preSolution
		HideSolutionNode = FALSE
	EndGlobalSection
	GlobalSection(ExtensibilityGlobals) = postSolution
		SolutionGuid = {4CFAAB30-164E-43C2-899F-865344716806}
	EndGlobalSection
EndGlobal
